
Microsoft Visual Studio Solution File, Format Version 12.00
# Visual Studio Version 16
VisualStudioVersion = 16.0.34601.136
MinimumVisualStudioVersion = 10.0.40219.1
Project("{FAE04EC0-301F-11D3-BF4B-00C04F79EFBC}") = "SR_OPC_WPF", "SR_OPC\SR_OPC_WPF.csproj", "{2B9C73D4-89FA-48FF-A7BF-C17FC8126832}"
EndProject
Project("{E24C65DC-7377-472B-9ABA-BC803B73C61A}") = "SR_OPC_WEBVIEW", "SR_OPC_WEBVIEW\", "{6925F692-CE11-473A-A1D6-2015D7251AF4}"
	ProjectSection(WebsiteProperties) = preProject
		TargetFrameworkMoniker = ".NETFramework,Version%3Dv4.0"
		Debug.AspNetCompiler.VirtualPath = "/localhost_64743"
		Debug.AspNetCompiler.PhysicalPath = "SR_OPC_WEBVIEW\"
		Debug.AspNetCompiler.TargetPath = "PrecompiledWeb\localhost_64743\"
		Debug.AspNetCompiler.Updateable = "true"
		Debug.AspNetCompiler.ForceOverwrite = "true"
		Debug.AspNetCompiler.FixedNames = "false"
		Debug.AspNetCompiler.Debug = "True"
		Release.AspNetCompiler.VirtualPath = "/localhost_64743"
		Release.AspNetCompiler.PhysicalPath = "SR_OPC_WEBVIEW\"
		Release.AspNetCompiler.TargetPath = "PrecompiledWeb\localhost_64743\"
		Release.AspNetCompiler.Updateable = "true"
		Release.AspNetCompiler.ForceOverwrite = "true"
		Release.AspNetCompiler.FixedNames = "false"
		Release.AspNetCompiler.Debug = "False"
		VWDPort = "64743"
		SlnRelativePath = "SR_OPC_WEBVIEW\"
	EndProjectSection
EndProject
Global
	GlobalSection(SolutionConfigurationPlatforms) = preSolution
		Debug|Any CPU = Debug|Any CPU
		Release|Any CPU = Release|Any CPU
	EndGlobalSection
	GlobalSection(ProjectConfigurationPlatforms) = postSolution
		{2B9C73D4-89FA-48FF-A7BF-C17FC8126832}.Debug|Any CPU.ActiveCfg = Debug|Any CPU
		{2B9C73D4-89FA-48FF-A7BF-C17FC8126832}.Debug|Any CPU.Build.0 = Debug|Any CPU
		{2B9C73D4-89FA-48FF-A7BF-C17FC8126832}.Release|Any CPU.ActiveCfg = Release|Any CPU
		{2B9C73D4-89FA-48FF-A7BF-C17FC8126832}.Release|Any CPU.Build.0 = Release|Any CPU
		{6925F692-CE11-473A-A1D6-2015D7251AF4}.Debug|Any CPU.ActiveCfg = Debug|Any CPU
		{6925F692-CE11-473A-A1D6-2015D7251AF4}.Debug|Any CPU.Build.0 = Debug|Any CPU
		{6925F692-CE11-473A-A1D6-2015D7251AF4}.Release|Any CPU.ActiveCfg = Debug|Any CPU
		{6925F692-CE11-473A-A1D6-2015D7251AF4}.Release|Any CPU.Build.0 = Debug|Any CPU
	EndGlobalSection
	GlobalSection(SolutionProperties) = preSolution
		HideSolutionNode = FALSE
	EndGlobalSection
	GlobalSection(ExtensibilityGlobals) = postSolution
		SolutionGuid = {B8F896E0-8536-4FFC-A456-896EBD999DF5}
	EndGlobalSection
EndGlobal
